
Microsoft Visual Studio Solution File, Format Version 12.00
# Visual Studio Version 17
VisualStudioVersion = 17.1.32407.343
MinimumVisualStudioVersion = 10.0.40219.1
Project("{FAE04EC0-301F-11D3-BF4B-00C04F79EFBC}") = "ORM-Fundamentals-Demo", "ORM-Fundamentals-Demo\ORM-Fundamentals-Demo.csproj", "{2954995C-C985-4AF7-89DA-64754027DD67}"
EndProject
Global
	GlobalSection(SolutionConfigurationPlatforms) = preSolution
		Debug|Any CPU = Debug|Any CPU
		Release|Any CPU = Release|Any CPU
	EndGlobalSection
	GlobalSection(ProjectConfigurationPlatforms) = postSolution
		{2954995C-C985-4AF7-89DA-64754027DD67}.Debug|Any CPU.ActiveCfg = Debug|Any CPU
		{2954995C-C985-4AF7-89DA-64754027DD67}.Debug|Any CPU.Build.0 = Debug|Any CPU
		{2954995C-C985-4AF7-89DA-64754027DD67}.Release|Any CPU.ActiveCfg = Release|Any CPU
		{2954995C-C985-4AF7-89DA-64754027DD67}.Release|Any CPU.Build.0 = Release|Any CPU
	EndGlobalSection
	GlobalSection(SolutionProperties) = preSolution
		HideSolutionNode = FALSE
	EndGlobalSection
	GlobalSection(ExtensibilityGlobals) = postSolution
		SolutionGuid = {84DF2C34-B57B-45D8-936E-22E27F11E69D}
	EndGlobalSection
EndGlobal
