
Microsoft Visual Studio Solution File, Format Version 12.00
# Visual Studio Version 17
VisualStudioVersion = 17.1.32407.343
MinimumVisualStudioVersion = 10.0.40219.1
Project("{FAE04EC0-301F-11D3-BF4B-00C04F79EFBC}") = "EFCore", "EFCore\EFCore.csproj", "{312A6F3C-BC86-436A-A16F-F06E219752C1}"
EndProject
Global
	GlobalSection(SolutionConfigurationPlatforms) = preSolution
		Debug|Any CPU = Debug|Any CPU
		Release|Any CPU = Release|Any CPU
	EndGlobalSection
	GlobalSection(ProjectConfigurationPlatforms) = postSolution
		{312A6F3C-BC86-436A-A16F-F06E219752C1}.Debug|Any CPU.ActiveCfg = Debug|Any CPU
		{312A6F3C-BC86-436A-A16F-F06E219752C1}.Debug|Any CPU.Build.0 = Debug|Any CPU
		{312A6F3C-BC86-436A-A16F-F06E219752C1}.Release|Any CPU.ActiveCfg = Release|Any CPU
		{312A6F3C-BC86-436A-A16F-F06E219752C1}.Release|Any CPU.Build.0 = Release|Any CPU
	EndGlobalSection
	GlobalSection(SolutionProperties) = preSolution
		HideSolutionNode = FALSE
	EndGlobalSection
	GlobalSection(ExtensibilityGlobals) = postSolution
		SolutionGuid = {8370363C-E82B-4147-A227-EF13CFF988FE}
	EndGlobalSection
EndGlobal
