
Microsoft Visual Studio Solution File, Format Version 12.00
# Visual Studio Version 17
VisualStudioVersion = 17.1.32407.343
MinimumVisualStudioVersion = 10.0.40219.1
Project("{FAE04EC0-301F-11D3-BF4B-00C04F79EFBC}") = "Advanced-Querying-Demo", "Advanced-Querying-Demo\Advanced-Querying-Demo.csproj", "{36840B8B-C9D7-4757-9D04-A945F0AB239C}"
EndProject
Global
	GlobalSection(SolutionConfigurationPlatforms) = preSolution
		Debug|Any CPU = Debug|Any CPU
		Release|Any CPU = Release|Any CPU
	EndGlobalSection
	GlobalSection(ProjectConfigurationPlatforms) = postSolution
		{36840B8B-C9D7-4757-9D04-A945F0AB239C}.Debug|Any CPU.ActiveCfg = Debug|Any CPU
		{36840B8B-C9D7-4757-9D04-A945F0AB239C}.Debug|Any CPU.Build.0 = Debug|Any CPU
		{36840B8B-C9D7-4757-9D04-A945F0AB239C}.Release|Any CPU.ActiveCfg = Release|Any CPU
		{36840B8B-C9D7-4757-9D04-A945F0AB239C}.Release|Any CPU.Build.0 = Release|Any CPU
	EndGlobalSection
	GlobalSection(SolutionProperties) = preSolution
		HideSolutionNode = FALSE
	EndGlobalSection
	GlobalSection(ExtensibilityGlobals) = postSolution
		SolutionGuid = {CF262F8B-7F71-45EF-86AE-BE04172F3E11}
	EndGlobalSection
EndGlobal
